// !$*UTF8*$!
{
	archiveVersion = 1;
	classes = {
	};
	objectVersion = 48;
	objects = {

/* Begin PBXBuildFile section */
		0719A26C2029C1CA00186A4E /* MeVC.swift in Sources */ = {isa = PBXBuildFile; fileRef = 0719A26B2029C1CA00186A4E /* MeVC.swift */; };
		0719A26E202B12EC00186A4E /* CreatePostVC.swift in Sources */ = {isa = PBXBuildFile; fileRef = 0719A26D202B12EC00186A4E /* CreatePostVC.swift */; };
		0719A270202BA59000186A4E /* FeedCell.swift in Sources */ = {isa = PBXBuildFile; fileRef = 0719A26F202BA59000186A4E /* FeedCell.swift */; };
		0719A272202BC07D00186A4E /* Message.swift in Sources */ = {isa = PBXBuildFile; fileRef = 0719A271202BC07D00186A4E /* Message.swift */; };
		073B23632031A66900AEE3B1 /* Group.swift in Sources */ = {isa = PBXBuildFile; fileRef = 073B23622031A66900AEE3B1 /* Group.swift */; };
		073C8A58202570AB0056CDCD /* DataService.swift in Sources */ = {isa = PBXBuildFile; fileRef = 073C8A57202570AB0056CDCD /* DataService.swift */; };
		079DE6F8202D06EB004E6DF5 /* CreateGroupsVC.swift in Sources */ = {isa = PBXBuildFile; fileRef = 079DE6F7202D06EB004E6DF5 /* CreateGroupsVC.swift */; };
		079DE6FA202DB126004E6DF5 /* UserCell.swift in Sources */ = {isa = PBXBuildFile; fileRef = 079DE6F9202DB126004E6DF5 /* UserCell.swift */; };
		07BB58912025287B009277FE /* AppDelegate.swift in Sources */ = {isa = PBXBuildFile; fileRef = 07BB58902025287B009277FE /* AppDelegate.swift */; };
		07BB58932025287B009277FE /* FeedVC.swift in Sources */ = {isa = PBXBuildFile; fileRef = 07BB58922025287B009277FE /* FeedVC.swift */; };
		07BB58952025287B009277FE /* GroupsVC.swift in Sources */ = {isa = PBXBuildFile; fileRef = 07BB58942025287B009277FE /* GroupsVC.swift */; };
		07BB58982025287B009277FE /* Main.storyboard in Resources */ = {isa = PBXBuildFile; fileRef = 07BB58962025287B009277FE /* Main.storyboard */; };
		07BB589A2025287B009277FE /* Assets.xcassets in Resources */ = {isa = PBXBuildFile; fileRef = 07BB58992025287B009277FE /* Assets.xcassets */; };
		07BB589D2025287B009277FE /* LaunchScreen.storyboard in Resources */ = {isa = PBXBuildFile; fileRef = 07BB589B2025287B009277FE /* LaunchScreen.storyboard */; };
		07BB58AA20252B62009277FE /* GoogleService-Info.plist in Resources */ = {isa = PBXBuildFile; fileRef = 07BB58A920252B62009277FE /* GoogleService-Info.plist */; };
		07C59E8320274F52007C610F /* AuthVC.swift in Sources */ = {isa = PBXBuildFile; fileRef = 07C59E8220274F52007C610F /* AuthVC.swift */; };
		07C59E8520274F88007C610F /* LoginVC.swift in Sources */ = {isa = PBXBuildFile; fileRef = 07C59E8420274F88007C610F /* LoginVC.swift */; };
		07C59E8720274FE4007C610F /* InsetTextField.swift in Sources */ = {isa = PBXBuildFile; fileRef = 07C59E8620274FE4007C610F /* InsetTextField.swift */; };
		07C59E89202752E9007C610F /* ShadowView.swift in Sources */ = {isa = PBXBuildFile; fileRef = 07C59E88202752E9007C610F /* ShadowView.swift */; };
		07C59E8B20275727007C610F /* AuthService.swift in Sources */ = {isa = PBXBuildFile; fileRef = 07C59E8A20275727007C610F /* AuthService.swift */; };
		07D16021203073570036B950 /* GroupCell.swift in Sources */ = {isa = PBXBuildFile; fileRef = 07D16020203073570036B950 /* GroupCell.swift */; };
		EF95A5185523A2896405516D /* Pods_BreakPoint.framework in Frameworks */ = {isa = PBXBuildFile; fileRef = 9726AA71DA067769B03CDFF2 /* Pods_BreakPoint.framework */; };
/* End PBXBuildFile section */

/* Begin PBXFileReference section */
		0719A26B2029C1CA00186A4E /* MeVC.swift */ = {isa = PBXFileReference; lastKnownFileType = sourcecode.swift; path = MeVC.swift; sourceTree = "<group>"; };
		0719A26D202B12EC00186A4E /* CreatePostVC.swift */ = {isa = PBXFileReference; lastKnownFileType = sourcecode.swift; path = CreatePostVC.swift; sourceTree = "<group>"; };
		0719A26F202BA59000186A4E /* FeedCell.swift */ = {isa = PBXFileReference; lastKnownFileType = sourcecode.swift; path = FeedCell.swift; sourceTree = "<group>"; };
		0719A271202BC07D00186A4E /* Message.swift */ = {isa = PBXFileReference; lastKnownFileType = sourcecode.swift; path = Message.swift; sourceTree = "<group>"; };
		073B23622031A66900AEE3B1 /* Group.swift */ = {isa = PBXFileReference; lastKnownFileType = sourcecode.swift; path = Group.swift; sourceTree = "<group>"; };
		073C8A57202570AB0056CDCD /* DataService.swift */ = {isa = PBXFileReference; lastKnownFileType = sourcecode.swift; path = DataService.swift; sourceTree = "<group>"; };
		079DE6F7202D06EB004E6DF5 /* CreateGroupsVC.swift */ = {isa = PBXFileReference; lastKnownFileType = sourcecode.swift; path = CreateGroupsVC.swift; sourceTree = "<group>"; };
		079DE6F9202DB126004E6DF5 /* UserCell.swift */ = {isa = PBXFileReference; lastKnownFileType = sourcecode.swift; path = UserCell.swift; sourceTree = "<group>"; };
		07BB588D2025287B009277FE /* BreakPoint.app */ = {isa = PBXFileReference; explicitFileType = wrapper.application; includeInIndex = 0; path = BreakPoint.app; sourceTree = BUILT_PRODUCTS_DIR; };
		07BB58902025287B009277FE /* AppDelegate.swift */ = {isa = PBXFileReference; lastKnownFileType = sourcecode.swift; path = AppDelegate.swift; sourceTree = "<group>"; };
		07BB58922025287B009277FE /* FeedVC.swift */ = {isa = PBXFileReference; lastKnownFileType = sourcecode.swift; path = FeedVC.swift; sourceTree = "<group>"; };
		07BB58942025287B009277FE /* GroupsVC.swift */ = {isa = PBXFileReference; lastKnownFileType = sourcecode.swift; path = GroupsVC.swift; sourceTree = "<group>"; };
		07BB58972025287B009277FE /* Base */ = {isa = PBXFileReference; lastKnownFileType = file.storyboard; name = Base; path = Base.lproj/Main.storyboard; sourceTree = "<group>"; };
		07BB58992025287B009277FE /* Assets.xcassets */ = {isa = PBXFileReference; lastKnownFileType = folder.assetcatalog; path = Assets.xcassets; sourceTree = "<group>"; };
		07BB589C2025287B009277FE /* Base */ = {isa = PBXFileReference; lastKnownFileType = file.storyboard; name = Base; path = Base.lproj/LaunchScreen.storyboard; sourceTree = "<group>"; };
		07BB589E2025287B009277FE /* Info.plist */ = {isa = PBXFileReference; lastKnownFileType = text.plist.xml; path = Info.plist; sourceTree = "<group>"; };
		07BB58A920252B62009277FE /* GoogleService-Info.plist */ = {isa = PBXFileReference; fileEncoding = 4; lastKnownFileType = text.plist.xml; path = "GoogleService-Info.plist"; sourceTree = "<group>"; };
		07C59E8220274F52007C610F /* AuthVC.swift */ = {isa = PBXFileReference; lastKnownFileType = sourcecode.swift; path = AuthVC.swift; sourceTree = "<group>"; };
		07C59E8420274F88007C610F /* LoginVC.swift */ = {isa = PBXFileReference; lastKnownFileType = sourcecode.swift; path = LoginVC.swift; sourceTree = "<group>"; };
		07C59E8620274FE4007C610F /* InsetTextField.swift */ = {isa = PBXFileReference; lastKnownFileType = sourcecode.swift; path = InsetTextField.swift; sourceTree = "<group>"; };
		07C59E88202752E9007C610F /* ShadowView.swift */ = {isa = PBXFileReference; lastKnownFileType = sourcecode.swift; path = ShadowView.swift; sourceTree = "<group>"; };
		07C59E8A20275727007C610F /* AuthService.swift */ = {isa = PBXFileReference; lastKnownFileType = sourcecode.swift; path = AuthService.swift; sourceTree = "<group>"; };
		07D16020203073570036B950 /* GroupCell.swift */ = {isa = PBXFileReference; lastKnownFileType = sourcecode.swift; path = GroupCell.swift; sourceTree = "<group>"; };
		5A92A40083DD4D5F93A16D6C /* Pods-BreakPoint.release.xcconfig */ = {isa = PBXFileReference; includeInIndex = 1; lastKnownFileType = text.xcconfig; name = "Pods-BreakPoint.release.xcconfig"; path = "Pods/Target Support Files/Pods-BreakPoint/Pods-BreakPoint.release.xcconfig"; sourceTree = "<group>"; };
		9726AA71DA067769B03CDFF2 /* Pods_BreakPoint.framework */ = {isa = PBXFileReference; explicitFileType = wrapper.framework; includeInIndex = 0; path = Pods_BreakPoint.framework; sourceTree = BUILT_PRODUCTS_DIR; };
		AA57EF1DF894F81F9FCC27FD /* Pods-BreakPoint.debug.xcconfig */ = {isa = PBXFileReference; includeInIndex = 1; lastKnownFileType = text.xcconfig; name = "Pods-BreakPoint.debug.xcconfig"; path = "Pods/Target Support Files/Pods-BreakPoint/Pods-BreakPoint.debug.xcconfig"; sourceTree = "<group>"; };
/* End PBXFileReference section */

/* Begin PBXFrameworksBuildPhase section */
		07BB588A2025287B009277FE /* Frameworks */ = {
			isa = PBXFrameworksBuildPhase;
			buildActionMask = 2147483647;
			files = (
				EF95A5185523A2896405516D /* Pods_BreakPoint.framework in Frameworks */,
			);
			runOnlyForDeploymentPostprocessing = 0;
		};
/* End PBXFrameworksBuildPhase section */

/* Begin PBXGroup section */
		07BB58842025287B009277FE = {
			isa = PBXGroup;
			children = (
				07BB588F2025287B009277FE /* BreakPoint */,
				07BB588E2025287B009277FE /* Products */,
				A06368D18760060DCF4C6916 /* Pods */,
				920E246709E44FFD24D837A5 /* Frameworks */,
			);
			sourceTree = "<group>";
		};
		07BB588E2025287B009277FE /* Products */ = {
			isa = PBXGroup;
			children = (
				07BB588D2025287B009277FE /* BreakPoint.app */,
			);
			name = Products;
			sourceTree = "<group>";
		};
		07BB588F2025287B009277FE /* BreakPoint */ = {
			isa = PBXGroup;
			children = (
				07BB58A8202529D0009277FE /* Services */,
				07BB58A7202529A7009277FE /* Extensions */,
				07BB58A620252994009277FE /* Model */,
				07BB58A52025298C009277FE /* View */,
				07BB58A420252973009277FE /* Controller */,
				07BB58902025287B009277FE /* AppDelegate.swift */,
				07BB58962025287B009277FE /* Main.storyboard */,
				07BB58992025287B009277FE /* Assets.xcassets */,
				07BB589B2025287B009277FE /* LaunchScreen.storyboard */,
				07BB589E2025287B009277FE /* Info.plist */,
				07BB58A920252B62009277FE /* GoogleService-Info.plist */,
			);
			path = BreakPoint;
			sourceTree = "<group>";
		};
		07BB58A420252973009277FE /* Controller */ = {
			isa = PBXGroup;
			children = (
				07BB58922025287B009277FE /* FeedVC.swift */,
				07BB58942025287B009277FE /* GroupsVC.swift */,
				07C59E8220274F52007C610F /* AuthVC.swift */,
				07C59E8420274F88007C610F /* LoginVC.swift */,
				0719A26B2029C1CA00186A4E /* MeVC.swift */,
				0719A26D202B12EC00186A4E /* CreatePostVC.swift */,
				079DE6F7202D06EB004E6DF5 /* CreateGroupsVC.swift */,
			);
			path = Controller;
			sourceTree = "<group>";
		};
		07BB58A52025298C009277FE /* View */ = {
			isa = PBXGroup;
			children = (
				07C59E8620274FE4007C610F /* InsetTextField.swift */,
				07C59E88202752E9007C610F /* ShadowView.swift */,
				0719A26F202BA59000186A4E /* FeedCell.swift */,
				079DE6F9202DB126004E6DF5 /* UserCell.swift */,
				07D16020203073570036B950 /* GroupCell.swift */,
			);
			path = View;
			sourceTree = "<group>";
		};
		07BB58A620252994009277FE /* Model */ = {
			isa = PBXGroup;
			children = (
				0719A271202BC07D00186A4E /* Message.swift */,
				073B23622031A66900AEE3B1 /* Group.swift */,
			);
			path = Model;
			sourceTree = "<group>";
		};
		07BB58A7202529A7009277FE /* Extensions */ = {
			isa = PBXGroup;
			children = (
			);
			path = Extensions;
			sourceTree = "<group>";
		};
		07BB58A8202529D0009277FE /* Services */ = {
			isa = PBXGroup;
			children = (
				073C8A57202570AB0056CDCD /* DataService.swift */,
				07C59E8A20275727007C610F /* AuthService.swift */,
			);
			path = Services;
			sourceTree = "<group>";
		};
		920E246709E44FFD24D837A5 /* Frameworks */ = {
			isa = PBXGroup;
			children = (
				9726AA71DA067769B03CDFF2 /* Pods_BreakPoint.framework */,
			);
			name = Frameworks;
			sourceTree = "<group>";
		};
		A06368D18760060DCF4C6916 /* Pods */ = {
			isa = PBXGroup;
			children = (
				AA57EF1DF894F81F9FCC27FD /* Pods-BreakPoint.debug.xcconfig */,
				5A92A40083DD4D5F93A16D6C /* Pods-BreakPoint.release.xcconfig */,
			);
			name = Pods;
			sourceTree = "<group>";
		};
/* End PBXGroup section */

/* Begin PBXNativeTarget section */
		07BB588C2025287B009277FE /* BreakPoint */ = {
			isa = PBXNativeTarget;
			buildConfigurationList = 07BB58A12025287B009277FE /* Build configuration list for PBXNativeTarget "BreakPoint" */;
			buildPhases = (
				F40D0212D1CC0C0D376512E8 /* [CP] Check Pods Manifest.lock */,
				07BB58892025287B009277FE /* Sources */,
				07BB588A2025287B009277FE /* Frameworks */,
				07BB588B2025287B009277FE /* Resources */,
				F231269A4EEA338B7BFCBA3D /* [CP] Embed Pods Frameworks */,
				EC0E2D971A9365CAE98AC2BB /* [CP] Copy Pods Resources */,
			);
			buildRules = (
			);
			dependencies = (
			);
			name = BreakPoint;
			productName = BreakPoint;
			productReference = 07BB588D2025287B009277FE /* BreakPoint.app */;
			productType = "com.apple.product-type.application";
		};
/* End PBXNativeTarget section */

/* Begin PBXProject section */
		07BB58852025287B009277FE /* Project object */ = {
			isa = PBXProject;
			attributes = {
				LastSwiftUpdateCheck = 0920;
				LastUpgradeCheck = 0920;
				ORGANIZATIONNAME = "Daniel Winship";
				TargetAttributes = {
					07BB588C2025287B009277FE = {
						CreatedOnToolsVersion = 9.2;
						ProvisioningStyle = Automatic;
					};
				};
			};
			buildConfigurationList = 07BB58882025287B009277FE /* Build configuration list for PBXProject "BreakPoint" */;
			compatibilityVersion = "Xcode 8.0";
			developmentRegion = en;
			hasScannedForEncodings = 0;
			knownRegions = (
				en,
				Base,
			);
			mainGroup = 07BB58842025287B009277FE;
			productRefGroup = 07BB588E2025287B009277FE /* Products */;
			projectDirPath = "";
			projectRoot = "";
			targets = (
				07BB588C2025287B009277FE /* BreakPoint */,
			);
		};
/* End PBXProject section */

/* Begin PBXResourcesBuildPhase section */
		07BB588B2025287B009277FE /* Resources */ = {
			isa = PBXResourcesBuildPhase;
			buildActionMask = 2147483647;
			files = (
				07BB589D2025287B009277FE /* LaunchScreen.storyboard in Resources */,
				07BB58AA20252B62009277FE /* GoogleService-Info.plist in Resources */,
				07BB589A2025287B009277FE /* Assets.xcassets in Resources */,
				07BB58982025287B009277FE /* Main.storyboard in Resources */,
			);
			runOnlyForDeploymentPostprocessing = 0;
		};
/* End PBXResourcesBuildPhase section */

/* Begin PBXShellScriptBuildPhase section */
		EC0E2D971A9365CAE98AC2BB /* [CP] Copy Pods Resources */ = {
			isa = PBXShellScriptBuildPhase;
			buildActionMask = 2147483647;
			files = (
			);
			inputPaths = (
			);
			name = "[CP] Copy Pods Resources";
			outputPaths = (
			);
			runOnlyForDeploymentPostprocessing = 0;
			shellPath = /bin/sh;
			shellScript = "\"${SRCROOT}/Pods/Target Support Files/Pods-BreakPoint/Pods-BreakPoint-resources.sh\"\n";
			showEnvVarsInLog = 0;
		};
		F231269A4EEA338B7BFCBA3D /* [CP] Embed Pods Frameworks */ = {
			isa = PBXShellScriptBuildPhase;
			buildActionMask = 2147483647;
			files = (
			);
			inputPaths = (
				"${SRCROOT}/Pods/Target Support Files/Pods-BreakPoint/Pods-BreakPoint-frameworks.sh",
				"${BUILT_PRODUCTS_DIR}/GTMSessionFetcher/GTMSessionFetcher.framework",
				"${BUILT_PRODUCTS_DIR}/GoogleToolboxForMac/GoogleToolboxForMac.framework",
				"${BUILT_PRODUCTS_DIR}/leveldb-library/leveldb.framework",
				"${BUILT_PRODUCTS_DIR}/nanopb/nanopb.framework",
			);
			name = "[CP] Embed Pods Frameworks";
			outputPaths = (
				"${TARGET_BUILD_DIR}/${FRAMEWORKS_FOLDER_PATH}/GTMSessionFetcher.framework",
				"${TARGET_BUILD_DIR}/${FRAMEWORKS_FOLDER_PATH}/GoogleToolboxForMac.framework",
				"${TARGET_BUILD_DIR}/${FRAMEWORKS_FOLDER_PATH}/leveldb.framework",
				"${TARGET_BUILD_DIR}/${FRAMEWORKS_FOLDER_PATH}/nanopb.framework",
			);
			runOnlyForDeploymentPostprocessing = 0;
			shellPath = /bin/sh;
			shellScript = "\"${SRCROOT}/Pods/Target Support Files/Pods-BreakPoint/Pods-BreakPoint-frameworks.sh\"\n";
			showEnvVarsInLog = 0;
		};
		F40D0212D1CC0C0D376512E8 /* [CP] Check Pods Manifest.lock */ = {
			isa = PBXShellScriptBuildPhase;
			buildActionMask = 2147483647;
			files = (
			);
			inputPaths = (
				"${PODS_PODFILE_DIR_PATH}/Podfile.lock",
				"${PODS_ROOT}/Manifest.lock",
			);
			name = "[CP] Check Pods Manifest.lock";
			outputPaths = (
				"$(DERIVED_FILE_DIR)/Pods-BreakPoint-checkManifestLockResult.txt",
			);
			runOnlyForDeploymentPostprocessing = 0;
			shellPath = /bin/sh;
			shellScript = "diff \"${PODS_PODFILE_DIR_PATH}/Podfile.lock\" \"${PODS_ROOT}/Manifest.lock\" > /dev/null\nif [ $? != 0 ] ; then\n    # print error to STDERR\n    echo \"error: The sandbox is not in sync with the Podfile.lock. Run 'pod install' or update your CocoaPods installation.\" >&2\n    exit 1\nfi\n# This output is used by Xcode 'outputs' to avoid re-running this script phase.\necho \"SUCCESS\" > \"${SCRIPT_OUTPUT_FILE_0}\"\n";
			showEnvVarsInLog = 0;
		};
/* End PBXShellScriptBuildPhase section */

/* Begin PBXSourcesBuildPhase section */
		07BB58892025287B009277FE /* Sources */ = {
			isa = PBXSourcesBuildPhase;
			buildActionMask = 2147483647;
			files = (
				0719A26C2029C1CA00186A4E /* MeVC.swift in Sources */,
				073B23632031A66900AEE3B1 /* Group.swift in Sources */,
				07C59E8320274F52007C610F /* AuthVC.swift in Sources */,
				07BB58952025287B009277FE /* GroupsVC.swift in Sources */,
				07C59E8520274F88007C610F /* LoginVC.swift in Sources */,
				079DE6F8202D06EB004E6DF5 /* CreateGroupsVC.swift in Sources */,
				07C59E8B20275727007C610F /* AuthService.swift in Sources */,
				0719A270202BA59000186A4E /* FeedCell.swift in Sources */,
				07D16021203073570036B950 /* GroupCell.swift in Sources */,
				07BB58912025287B009277FE /* AppDelegate.swift in Sources */,
				079DE6FA202DB126004E6DF5 /* UserCell.swift in Sources */,
				07C59E89202752E9007C610F /* ShadowView.swift in Sources */,
				0719A26E202B12EC00186A4E /* CreatePostVC.swift in Sources */,
				0719A272202BC07D00186A4E /* Message.swift in Sources */,
				07BB58932025287B009277FE /* FeedVC.swift in Sources */,
				07C59E8720274FE4007C610F /* InsetTextField.swift in Sources */,
				073C8A58202570AB0056CDCD /* DataService.swift in Sources */,
			);
			runOnlyForDeploymentPostprocessing = 0;
		};
/* End PBXSourcesBuildPhase section */

/* Begin PBXVariantGroup section */
		07BB58962025287B009277FE /* Main.storyboard */ = {
			isa = PBXVariantGroup;
			children = (
				07BB58972025287B009277FE /* Base */,
			);
			name = Main.storyboard;
			sourceTree = "<group>";
		};
		07BB589B2025287B009277FE /* LaunchScreen.storyboard */ = {
			isa = PBXVariantGroup;
			children = (
				07BB589C2025287B009277FE /* Base */,
			);
			name = LaunchScreen.storyboard;
			sourceTree = "<group>";
		};
/* End PBXVariantGroup section */

/* Begin XCBuildConfiguration section */
		07BB589F2025287B009277FE /* Debug */ = {
			isa = XCBuildConfiguration;
			buildSettings = {
				ALWAYS_SEARCH_USER_PATHS = NO;
				CLANG_ANALYZER_NONNULL = YES;
				CLANG_ANALYZER_NUMBER_OBJECT_CONVERSION = YES_AGGRESSIVE;
				CLANG_CXX_LANGUAGE_STANDARD = "gnu++14";
				CLANG_CXX_LIBRARY = "libc++";
				CLANG_ENABLE_MODULES = YES;
				CLANG_ENABLE_OBJC_ARC = YES;
				CLANG_WARN_BLOCK_CAPTURE_AUTORELEASING = YES;
				CLANG_WARN_BOOL_CONVERSION = YES;
				CLANG_WARN_COMMA = YES;
				CLANG_WARN_CONSTANT_CONVERSION = YES;
				CLANG_WARN_DIRECT_OBJC_ISA_USAGE = YES_ERROR;
				CLANG_WARN_DOCUMENTATION_COMMENTS = YES;
				CLANG_WARN_EMPTY_BODY = YES;
				CLANG_WARN_ENUM_CONVERSION = YES;
				CLANG_WARN_INFINITE_RECURSION = YES;
				CLANG_WARN_INT_CONVERSION = YES;
				CLANG_WARN_NON_LITERAL_NULL_CONVERSION = YES;
				CLANG_WARN_OBJC_LITERAL_CONVERSION = YES;
				CLANG_WARN_OBJC_ROOT_CLASS = YES_ERROR;
				CLANG_WARN_RANGE_LOOP_ANALYSIS = YES;
				CLANG_WARN_STRICT_PROTOTYPES = YES;
				CLANG_WARN_SUSPICIOUS_MOVE = YES;
				CLANG_WARN_UNGUARDED_AVAILABILITY = YES_AGGRESSIVE;
				CLANG_WARN_UNREACHABLE_CODE = YES;
				CLANG_WARN__DUPLICATE_METHOD_MATCH = YES;
				CODE_SIGN_IDENTITY = "iPhone Developer";
				COPY_PHASE_STRIP = NO;
				DEBUG_INFORMATION_FORMAT = dwarf;
				ENABLE_STRICT_OBJC_MSGSEND = YES;
				ENABLE_TESTABILITY = YES;
				GCC_C_LANGUAGE_STANDARD = gnu11;
				GCC_DYNAMIC_NO_PIC = NO;
				GCC_NO_COMMON_BLOCKS = YES;
				GCC_OPTIMIZATION_LEVEL = 0;
				GCC_PREPROCESSOR_DEFINITIONS = (
					"DEBUG=1",
					"$(inherited)",
				);
				GCC_WARN_64_TO_32_BIT_CONVERSION = YES;
				GCC_WARN_ABOUT_RETURN_TYPE = YES_ERROR;
				GCC_WARN_UNDECLARED_SELECTOR = YES;
				GCC_WARN_UNINITIALIZED_AUTOS = YES_AGGRESSIVE;
				GCC_WARN_UNUSED_FUNCTION = YES;
				GCC_WARN_UNUSED_VARIABLE = YES;
				IPHONEOS_DEPLOYMENT_TARGET = 11.2;
				MTL_ENABLE_DEBUG_INFO = YES;
				ONLY_ACTIVE_ARCH = YES;
				SDKROOT = iphoneos;
				SWIFT_ACTIVE_COMPILATION_CONDITIONS = DEBUG;
				SWIFT_OPTIMIZATION_LEVEL = "-Onone";
			};
			name = Debug;
		};
		07BB58A02025287B009277FE /* Release */ = {
			isa = XCBuildConfiguration;
			buildSettings = {
				ALWAYS_SEARCH_USER_PATHS = NO;
				CLANG_ANALYZER_NONNULL = YES;
				CLANG_ANALYZER_NUMBER_OBJECT_CONVERSION = YES_AGGRESSIVE;
				CLANG_CXX_LANGUAGE_STANDARD = "gnu++14";
				CLANG_CXX_LIBRARY = "libc++";
				CLANG_ENABLE_MODULES = YES;
				CLANG_ENABLE_OBJC_ARC = YES;
				CLANG_WARN_BLOCK_CAPTURE_AUTORELEASING = YES;
				CLANG_WARN_BOOL_CONVERSION = YES;
				CLANG_WARN_COMMA = YES;
				CLANG_WARN_CONSTANT_CONVERSION = YES;
				CLANG_WARN_DIRECT_OBJC_ISA_USAGE = YES_ERROR;
				CLANG_WARN_DOCUMENTATION_COMMENTS = YES;
				CLANG_WARN_EMPTY_BODY = YES;
				CLANG_WARN_ENUM_CONVERSION = YES;
				CLANG_WARN_INFINITE_RECURSION = YES;
				CLANG_WARN_INT_CONVERSION = YES;
				CLANG_WARN_NON_LITERAL_NULL_CONVERSION = YES;
				CLANG_WARN_OBJC_LITERAL_CONVERSION = YES;
				CLANG_WARN_OBJC_ROOT_CLASS = YES_ERROR;
				CLANG_WARN_RANGE_LOOP_ANALYSIS = YES;
				CLANG_WARN_STRICT_PROTOTYPES = YES;
				CLANG_WARN_SUSPICIOUS_MOVE = YES;
				CLANG_WARN_UNGUARDED_AVAILABILITY = YES_AGGRESSIVE;
				CLANG_WARN_UNREACHABLE_CODE = YES;
				CLANG_WARN__DUPLICATE_METHOD_MATCH = YES;
				CODE_SIGN_IDENTITY = "iPhone Developer";
				COPY_PHASE_STRIP = NO;
				DEBUG_INFORMATION_FORMAT = "dwarf-with-dsym";
				ENABLE_NS_ASSERTIONS = NO;
				ENABLE_STRICT_OBJC_MSGSEND = YES;
				GCC_C_LANGUAGE_STANDARD = gnu11;
				GCC_NO_COMMON_BLOCKS = YES;
				GCC_WARN_64_TO_32_BIT_CONVERSION = YES;
				GCC_WARN_ABOUT_RETURN_TYPE = YES_ERROR;
				GCC_WARN_UNDECLARED_SELECTOR = YES;
				GCC_WARN_UNINITIALIZED_AUTOS = YES_AGGRESSIVE;
				GCC_WARN_UNUSED_FUNCTION = YES;
				GCC_WARN_UNUSED_VARIABLE = YES;
				IPHONEOS_DEPLOYMENT_TARGET = 11.2;
				MTL_ENABLE_DEBUG_INFO = NO;
				SDKROOT = iphoneos;
				SWIFT_OPTIMIZATION_LEVEL = "-Owholemodule";
				VALIDATE_PRODUCT = YES;
			};
			name = Release;
		};
		07BB58A22025287B009277FE /* Debug */ = {
			isa = XCBuildConfiguration;
			baseConfigurationReference = AA57EF1DF894F81F9FCC27FD /* Pods-BreakPoint.debug.xcconfig */;
			buildSettings = {
				ASSETCATALOG_COMPILER_APPICON_NAME = AppIcon;
				CODE_SIGN_STYLE = Automatic;
				DEVELOPMENT_TEAM = N95H2TM65M;
				INFOPLIST_FILE = BreakPoint/Info.plist;
				LD_RUNPATH_SEARCH_PATHS = "$(inherited) @executable_path/Frameworks";
				PRODUCT_BUNDLE_IDENTIFIER = com.danielwinship.BreakPoint;
				PRODUCT_NAME = "$(TARGET_NAME)";
				SWIFT_VERSION = 4.0;
				TARGETED_DEVICE_FAMILY = "1,2";
			};
			name = Debug;
		};
		07BB58A32025287B009277FE /* Release */ = {
			isa = XCBuildConfiguration;
			baseConfigurationReference = 5A92A40083DD4D5F93A16D6C /* Pods-BreakPoint.release.xcconfig */;
			buildSettings = {
				ASSETCATALOG_COMPILER_APPICON_NAME = AppIcon;
				CODE_SIGN_STYLE = Automatic;
				DEVELOPMENT_TEAM = N95H2TM65M;
				INFOPLIST_FILE = BreakPoint/Info.plist;
				LD_RUNPATH_SEARCH_PATHS = "$(inherited) @executable_path/Frameworks";
				PRODUCT_BUNDLE_IDENTIFIER = com.danielwinship.BreakPoint;
				PRODUCT_NAME = "$(TARGET_NAME)";
				SWIFT_VERSION = 4.0;
				TARGETED_DEVICE_FAMILY = "1,2";
			};
			name = Release;
		};
/* End XCBuildConfiguration section */

/* Begin XCConfigurationList section */
		07BB58882025287B009277FE /* Build configuration list for PBXProject "BreakPoint" */ = {
			isa = XCConfigurationList;
			buildConfigurations = (
				07BB589F2025287B009277FE /* Debug */,
				07BB58A02025287B009277FE /* Release */,
			);
			defaultConfigurationIsVisible = 0;
			defaultConfigurationName = Release;
		};
		07BB58A12025287B009277FE /* Build configuration list for PBXNativeTarget "BreakPoint" */ = {
			isa = XCConfigurationList;
			buildConfigurations = (
				07BB58A22025287B009277FE /* Debug */,
				07BB58A32025287B009277FE /* Release */,
			);
			defaultConfigurationIsVisible = 0;
			defaultConfigurationName = Release;
		};
/* End XCConfigurationList section */
	};
	rootObject = 07BB58852025287B009277FE /* Project object */;
}
